
Microsoft Visual Studio Solution File, Format Version 12.00
# Visual Studio Version 17
VisualStudioVersion = 17.14.36212.18
MinimumVisualStudioVersion = 10.0.40219.1
Project("{FAE04EC0-301F-11D3-BF4B-00C04F79EFBC}") = "ShowTime", "ShowTime\ShowTime\ShowTime.csproj", "{79954D56-DC33-4E97-90DF-8BC9EAC95172}"
EndProject
Project("{FAE04EC0-301F-11D3-BF4B-00C04F79EFBC}") = "ShowTime.DataAcces", "ShowTime.DataAcces\ShowTime.DataAcces.csproj", "{9FF36437-A863-4C2C-9CEF-61D0822D6828}"
EndProject
Global
	GlobalSection(SolutionConfigurationPlatforms) = preSolution
		Debug|Any CPU = Debug|Any CPU
		Release|Any CPU = Release|Any CPU
	EndGlobalSection
	GlobalSection(ProjectConfigurationPlatforms) = postSolution
		{79954D56-DC33-4E97-90DF-8BC9EAC95172}.Debug|Any CPU.ActiveCfg = Debug|Any CPU
		{79954D56-DC33-4E97-90DF-8BC9EAC95172}.Debug|Any CPU.Build.0 = Debug|Any CPU
		{79954D56-DC33-4E97-90DF-8BC9EAC95172}.Release|Any CPU.ActiveCfg = Release|Any CPU
		{79954D56-DC33-4E97-90DF-8BC9EAC95172}.Release|Any CPU.Build.0 = Release|Any CPU
		{9FF36437-A863-4C2C-9CEF-61D0822D6828}.Debug|Any CPU.ActiveCfg = Debug|Any CPU
		{9FF36437-A863-4C2C-9CEF-61D0822D6828}.Debug|Any CPU.Build.0 = Debug|Any CPU
		{9FF36437-A863-4C2C-9CEF-61D0822D6828}.Release|Any CPU.ActiveCfg = Release|Any CPU
		{9FF36437-A863-4C2C-9CEF-61D0822D6828}.Release|Any CPU.Build.0 = Release|Any CPU
	EndGlobalSection
	GlobalSection(SolutionProperties) = preSolution
		HideSolutionNode = FALSE
	EndGlobalSection
	GlobalSection(ExtensibilityGlobals) = postSolution
		SolutionGuid = {88A290D5-B0CC-48F9-A694-B00176D4401D}
	EndGlobalSection
EndGlobal
